
Microsoft Visual Studio Solution File, Format Version 11.00
# Visual C# Express 2010
Project("{FAE04EC0-301F-11D3-BF4B-00C04F79EFBC}") = "_Tests", "_Tests\_Tests.csproj", "{A7FA7521-B973-42C5-A79F-08071E5106CC}"
EndProject
Project("{FAE04EC0-301F-11D3-BF4B-00C04F79EFBC}") = "ClipboardTrimer", "ClipboardTrimer\ClipboardTrimer.csproj", "{88106941-0A44-45FC-A0F9-19FAD238E6D6}"
EndProject
Global
	GlobalSection(SolutionConfigurationPlatforms) = preSolution
		Debug|Any CPU = Debug|Any CPU
		Debug|Mixed Platforms = Debug|Mixed Platforms
		Debug|x86 = Debug|x86
		Release|Any CPU = Release|Any CPU
		Release|Mixed Platforms = Release|Mixed Platforms
		Release|x86 = Release|x86
	EndGlobalSection
	GlobalSection(ProjectConfigurationPlatforms) = postSolution
		{A7FA7521-B973-42C5-A79F-08071E5106CC}.Debug|Any CPU.ActiveCfg = Debug|Any CPU
		{A7FA7521-B973-42C5-A79F-08071E5106CC}.Debug|Any CPU.Build.0 = Debug|Any CPU
		{A7FA7521-B973-42C5-A79F-08071E5106CC}.Debug|Mixed Platforms.ActiveCfg = Debug|Any CPU
		{A7FA7521-B973-42C5-A79F-08071E5106CC}.Debug|Mixed Platforms.Build.0 = Debug|Any CPU
		{A7FA7521-B973-42C5-A79F-08071E5106CC}.Debug|x86.ActiveCfg = Debug|Any CPU
		{A7FA7521-B973-42C5-A79F-08071E5106CC}.Release|Any CPU.ActiveCfg = Release|Any CPU
		{A7FA7521-B973-42C5-A79F-08071E5106CC}.Release|Any CPU.Build.0 = Release|Any CPU
		{A7FA7521-B973-42C5-A79F-08071E5106CC}.Release|Mixed Platforms.ActiveCfg = Release|Any CPU
		{A7FA7521-B973-42C5-A79F-08071E5106CC}.Release|Mixed Platforms.Build.0 = Release|Any CPU
		{A7FA7521-B973-42C5-A79F-08071E5106CC}.Release|x86.ActiveCfg = Release|Any CPU
		{88106941-0A44-45FC-A0F9-19FAD238E6D6}.Debug|Any CPU.ActiveCfg = Debug|x86
		{88106941-0A44-45FC-A0F9-19FAD238E6D6}.Debug|Mixed Platforms.ActiveCfg = Debug|x86
		{88106941-0A44-45FC-A0F9-19FAD238E6D6}.Debug|Mixed Platforms.Build.0 = Debug|x86
		{88106941-0A44-45FC-A0F9-19FAD238E6D6}.Debug|x86.ActiveCfg = Debug|x86
		{88106941-0A44-45FC-A0F9-19FAD238E6D6}.Debug|x86.Build.0 = Debug|x86
		{88106941-0A44-45FC-A0F9-19FAD238E6D6}.Release|Any CPU.ActiveCfg = Release|x86
		{88106941-0A44-45FC-A0F9-19FAD238E6D6}.Release|Mixed Platforms.ActiveCfg = Release|x86
		{88106941-0A44-45FC-A0F9-19FAD238E6D6}.Release|Mixed Platforms.Build.0 = Release|x86
		{88106941-0A44-45FC-A0F9-19FAD238E6D6}.Release|x86.ActiveCfg = Release|x86
		{88106941-0A44-45FC-A0F9-19FAD238E6D6}.Release|x86.Build.0 = Release|x86
	EndGlobalSection
	GlobalSection(SolutionProperties) = preSolution
		HideSolutionNode = FALSE
	EndGlobalSection
EndGlobal
