
Microsoft Visual Studio Solution File, Format Version 11.00
# Visual C# Express 2010
Project("{FAE04EC0-301F-11D3-BF4B-00C04F79EFBC}") = "_Tests", "_Tests\_Tests.csproj", "{A7FA7521-B973-42C5-A79F-08071E5106CC}"
EndProject
Global
	GlobalSection(SolutionConfigurationPlatforms) = preSolution
		Debug|Any CPU = Debug|Any CPU
		Release|Any CPU = Release|Any CPU
	EndGlobalSection
	GlobalSection(ProjectConfigurationPlatforms) = postSolution
		{A7FA7521-B973-42C5-A79F-08071E5106CC}.Debug|Any CPU.ActiveCfg = Debug|Any CPU
		{A7FA7521-B973-42C5-A79F-08071E5106CC}.Debug|Any CPU.Build.0 = Debug|Any CPU
		{A7FA7521-B973-42C5-A79F-08071E5106CC}.Release|Any CPU.ActiveCfg = Release|Any CPU
		{A7FA7521-B973-42C5-A79F-08071E5106CC}.Release|Any CPU.Build.0 = Release|Any CPU
	EndGlobalSection
	GlobalSection(SolutionProperties) = preSolution
		HideSolutionNode = FALSE
	EndGlobalSection
EndGlobal
